// !$*UTF8*$!
{
	archiveVersion = 1;
	classes = {
	};
	objectVersion = 50;
	objects = {

/* Begin PBXBuildFile section */
		BF80CC4622EC9C92002131B6 /* AppDelegate.swift in Sources */ = {isa = PBXBuildFile; fileRef = BF80CC4522EC9C92002131B6 /* AppDelegate.swift */; };
		BF80CC4822EC9C92002131B6 /* SceneDelegate.swift in Sources */ = {isa = PBXBuildFile; fileRef = BF80CC4722EC9C92002131B6 /* SceneDelegate.swift */; };
		BF80CC4A22EC9C92002131B6 /* ContentView.swift in Sources */ = {isa = PBXBuildFile; fileRef = BF80CC4922EC9C92002131B6 /* ContentView.swift */; };
		BF80CC4C22EC9C94002131B6 /* Assets.xcassets in Resources */ = {isa = PBXBuildFile; fileRef = BF80CC4B22EC9C94002131B6 /* Assets.xcassets */; };
		BF80CC4F22EC9C94002131B6 /* Preview Assets.xcassets in Resources */ = {isa = PBXBuildFile; fileRef = BF80CC4E22EC9C94002131B6 /* Preview Assets.xcassets */; };
		BF80CC5222EC9C94002131B6 /* LaunchScreen.storyboard in Resources */ = {isa = PBXBuildFile; fileRef = BF80CC5022EC9C94002131B6 /* LaunchScreen.storyboard */; };
		BF80CC5D22EC9C95002131B6 /* AmadeusTests.swift in Sources */ = {isa = PBXBuildFile; fileRef = BF80CC5C22EC9C95002131B6 /* AmadeusTests.swift */; };
/* End PBXBuildFile section */

/* Begin PBXContainerItemProxy section */
		BF80CC5922EC9C95002131B6 /* PBXContainerItemProxy */ = {
			isa = PBXContainerItemProxy;
			containerPortal = BF80CC3A22EC9C92002131B6 /* Project object */;
			proxyType = 1;
			remoteGlobalIDString = BF80CC4122EC9C92002131B6;
			remoteInfo = Amadeus;
		};
/* End PBXContainerItemProxy section */

/* Begin PBXFileReference section */
		BF80CC4222EC9C92002131B6 /* Amadeus.app */ = {isa = PBXFileReference; explicitFileType = wrapper.application; includeInIndex = 0; path = Amadeus.app; sourceTree = BUILT_PRODUCTS_DIR; };
		BF80CC4522EC9C92002131B6 /* AppDelegate.swift */ = {isa = PBXFileReference; lastKnownFileType = sourcecode.swift; path = AppDelegate.swift; sourceTree = "<group>"; };
		BF80CC4722EC9C92002131B6 /* SceneDelegate.swift */ = {isa = PBXFileReference; lastKnownFileType = sourcecode.swift; path = SceneDelegate.swift; sourceTree = "<group>"; };
		BF80CC4922EC9C92002131B6 /* ContentView.swift */ = {isa = PBXFileReference; lastKnownFileType = sourcecode.swift; path = ContentView.swift; sourceTree = "<group>"; };
		BF80CC4B22EC9C94002131B6 /* Assets.xcassets */ = {isa = PBXFileReference; lastKnownFileType = folder.assetcatalog; path = Assets.xcassets; sourceTree = "<group>"; };
		BF80CC4E22EC9C94002131B6 /* Preview Assets.xcassets */ = {isa = PBXFileReference; lastKnownFileType = folder.assetcatalog; path = "Preview Assets.xcassets"; sourceTree = "<group>"; };
		BF80CC5122EC9C94002131B6 /* Base */ = {isa = PBXFileReference; lastKnownFileType = file.storyboard; name = Base; path = Base.lproj/LaunchScreen.storyboard; sourceTree = "<group>"; };
		BF80CC5322EC9C94002131B6 /* Info.plist */ = {isa = PBXFileReference; lastKnownFileType = text.plist.xml; path = Info.plist; sourceTree = "<group>"; };
		BF80CC5822EC9C95002131B6 /* AmadeusTests.xctest */ = {isa = PBXFileReference; explicitFileType = wrapper.cfbundle; includeInIndex = 0; path = AmadeusTests.xctest; sourceTree = BUILT_PRODUCTS_DIR; };
		BF80CC5C22EC9C95002131B6 /* AmadeusTests.swift */ = {isa = PBXFileReference; lastKnownFileType = sourcecode.swift; path = AmadeusTests.swift; sourceTree = "<group>"; };
		BF80CC5E22EC9C95002131B6 /* Info.plist */ = {isa = PBXFileReference; lastKnownFileType = text.plist.xml; path = Info.plist; sourceTree = "<group>"; };
/* End PBXFileReference section */

/* Begin PBXFrameworksBuildPhase section */
		BF80CC3F22EC9C92002131B6 /* Frameworks */ = {
			isa = PBXFrameworksBuildPhase;
			buildActionMask = 2147483647;
			files = (
			);
			runOnlyForDeploymentPostprocessing = 0;
		};
		BF80CC5522EC9C95002131B6 /* Frameworks */ = {
			isa = PBXFrameworksBuildPhase;
			buildActionMask = 2147483647;
			files = (
			);
			runOnlyForDeploymentPostprocessing = 0;
		};
/* End PBXFrameworksBuildPhase section */

/* Begin PBXGroup section */
		BF80CC3922EC9C92002131B6 = {
			isa = PBXGroup;
			children = (
				BF80CC4422EC9C92002131B6 /* Amadeus */,
				BF80CC5B22EC9C95002131B6 /* AmadeusTests */,
				BF80CC4322EC9C92002131B6 /* Products */,
			);
			sourceTree = "<group>";
		};
		BF80CC4322EC9C92002131B6 /* Products */ = {
			isa = PBXGroup;
			children = (
				BF80CC4222EC9C92002131B6 /* Amadeus.app */,
				BF80CC5822EC9C95002131B6 /* AmadeusTests.xctest */,
			);
			name = Products;
			sourceTree = "<group>";
		};
		BF80CC4422EC9C92002131B6 /* Amadeus */ = {
			isa = PBXGroup;
			children = (
				BF80CC4522EC9C92002131B6 /* AppDelegate.swift */,
				BF80CC4722EC9C92002131B6 /* SceneDelegate.swift */,
				BF80CC4922EC9C92002131B6 /* ContentView.swift */,
				BF80CC4B22EC9C94002131B6 /* Assets.xcassets */,
				BF80CC5022EC9C94002131B6 /* LaunchScreen.storyboard */,
				BF80CC5322EC9C94002131B6 /* Info.plist */,
				BF80CC4D22EC9C94002131B6 /* Preview Content */,
			);
			path = Amadeus;
			sourceTree = "<group>";
		};
		BF80CC4D22EC9C94002131B6 /* Preview Content */ = {
			isa = PBXGroup;
			children = (
				BF80CC4E22EC9C94002131B6 /* Preview Assets.xcassets */,
			);
			path = "Preview Content";
			sourceTree = "<group>";
		};
		BF80CC5B22EC9C95002131B6 /* AmadeusTests */ = {
			isa = PBXGroup;
			children = (
				BF80CC5C22EC9C95002131B6 /* AmadeusTests.swift */,
				BF80CC5E22EC9C95002131B6 /* Info.plist */,
			);
			path = AmadeusTests;
			sourceTree = "<group>";
		};
/* End PBXGroup section */

/* Begin PBXNativeTarget section */
		BF80CC4122EC9C92002131B6 /* Amadeus */ = {
			isa = PBXNativeTarget;
			buildConfigurationList = BF80CC6122EC9C95002131B6 /* Build configuration list for PBXNativeTarget "Amadeus" */;
			buildPhases = (
				BF80CC3E22EC9C92002131B6 /* Sources */,
				BF80CC3F22EC9C92002131B6 /* Frameworks */,
				BF80CC4022EC9C92002131B6 /* Resources */,
			);
			buildRules = (
			);
			dependencies = (
			);
			name = Amadeus;
			productName = Amadeus;
			productReference = BF80CC4222EC9C92002131B6 /* Amadeus.app */;
			productType = "com.apple.product-type.application";
		};
		BF80CC5722EC9C95002131B6 /* AmadeusTests */ = {
			isa = PBXNativeTarget;
			buildConfigurationList = BF80CC6422EC9C95002131B6 /* Build configuration list for PBXNativeTarget "AmadeusTests" */;
			buildPhases = (
				BF80CC5422EC9C95002131B6 /* Sources */,
				BF80CC5522EC9C95002131B6 /* Frameworks */,
				BF80CC5622EC9C95002131B6 /* Resources */,
			);
			buildRules = (
			);
			dependencies = (
				BF80CC5A22EC9C95002131B6 /* PBXTargetDependency */,
			);
			name = AmadeusTests;
			productName = AmadeusTests;
			productReference = BF80CC5822EC9C95002131B6 /* AmadeusTests.xctest */;
			productType = "com.apple.product-type.bundle.unit-test";
		};
/* End PBXNativeTarget section */

/* Begin PBXProject section */
		BF80CC3A22EC9C92002131B6 /* Project object */ = {
			isa = PBXProject;
			attributes = {
				LastSwiftUpdateCheck = 1100;
				LastUpgradeCheck = 1100;
				ORGANIZATIONNAME = "Julian Brendel";
				TargetAttributes = {
					BF80CC4122EC9C92002131B6 = {
						CreatedOnToolsVersion = 11.0;
					};
					BF80CC5722EC9C95002131B6 = {
						CreatedOnToolsVersion = 11.0;
						TestTargetID = BF80CC4122EC9C92002131B6;
					};
				};
			};
			buildConfigurationList = BF80CC3D22EC9C92002131B6 /* Build configuration list for PBXProject "Amadeus" */;
			compatibilityVersion = "Xcode 9.3";
			developmentRegion = en;
			hasScannedForEncodings = 0;
			knownRegions = (
				en,
				Base,
			);
			mainGroup = BF80CC3922EC9C92002131B6;
			productRefGroup = BF80CC4322EC9C92002131B6 /* Products */;
			projectDirPath = "";
			projectRoot = "";
			targets = (
				BF80CC4122EC9C92002131B6 /* Amadeus */,
				BF80CC5722EC9C95002131B6 /* AmadeusTests */,
			);
		};
/* End PBXProject section */

/* Begin PBXResourcesBuildPhase section */
		BF80CC4022EC9C92002131B6 /* Resources */ = {
			isa = PBXResourcesBuildPhase;
			buildActionMask = 2147483647;
			files = (
				BF80CC5222EC9C94002131B6 /* LaunchScreen.storyboard in Resources */,
				BF80CC4F22EC9C94002131B6 /* Preview Assets.xcassets in Resources */,
				BF80CC4C22EC9C94002131B6 /* Assets.xcassets in Resources */,
			);
			runOnlyForDeploymentPostprocessing = 0;
		};
		BF80CC5622EC9C95002131B6 /* Resources */ = {
			isa = PBXResourcesBuildPhase;
			buildActionMask = 2147483647;
			files = (
			);
			runOnlyForDeploymentPostprocessing = 0;
		};
/* End PBXResourcesBuildPhase section */

/* Begin PBXSourcesBuildPhase section */
		BF80CC3E22EC9C92002131B6 /* Sources */ = {
			isa = PBXSourcesBuildPhase;
			buildActionMask = 2147483647;
			files = (
				BF80CC4622EC9C92002131B6 /* AppDelegate.swift in Sources */,
				BF80CC4822EC9C92002131B6 /* SceneDelegate.swift in Sources */,
				BF80CC4A22EC9C92002131B6 /* ContentView.swift in Sources */,
			);
			runOnlyForDeploymentPostprocessing = 0;
		};
		BF80CC5422EC9C95002131B6 /* Sources */ = {
			isa = PBXSourcesBuildPhase;
			buildActionMask = 2147483647;
			files = (
				BF80CC5D22EC9C95002131B6 /* AmadeusTests.swift in Sources */,
			);
			runOnlyForDeploymentPostprocessing = 0;
		};
/* End PBXSourcesBuildPhase section */

/* Begin PBXTargetDependency section */
		BF80CC5A22EC9C95002131B6 /* PBXTargetDependency */ = {
			isa = PBXTargetDependency;
			target = BF80CC4122EC9C92002131B6 /* Amadeus */;
			targetProxy = BF80CC5922EC9C95002131B6 /* PBXContainerItemProxy */;
		};
/* End PBXTargetDependency section */

/* Begin PBXVariantGroup section */
		BF80CC5022EC9C94002131B6 /* LaunchScreen.storyboard */ = {
			isa = PBXVariantGroup;
			children = (
				BF80CC5122EC9C94002131B6 /* Base */,
			);
			name = LaunchScreen.storyboard;
			sourceTree = "<group>";
		};
/* End PBXVariantGroup section */

/* Begin XCBuildConfiguration section */
		BF80CC5F22EC9C95002131B6 /* Debug */ = {
			isa = XCBuildConfiguration;
			buildSettings = {
				ALWAYS_SEARCH_USER_PATHS = NO;
				CLANG_ANALYZER_NONNULL = YES;
				CLANG_ANALYZER_NUMBER_OBJECT_CONVERSION = YES_AGGRESSIVE;
				CLANG_CXX_LANGUAGE_STANDARD = "gnu++14";
				CLANG_CXX_LIBRARY = "libc++";
				CLANG_ENABLE_MODULES = YES;
				CLANG_ENABLE_OBJC_ARC = YES;
				CLANG_ENABLE_OBJC_WEAK = YES;
				CLANG_WARN_BLOCK_CAPTURE_AUTORELEASING = YES;
				CLANG_WARN_BOOL_CONVERSION = YES;
				CLANG_WARN_COMMA = YES;
				CLANG_WARN_CONSTANT_CONVERSION = YES;
				CLANG_WARN_DEPRECATED_OBJC_IMPLEMENTATIONS = YES;
				CLANG_WARN_DIRECT_OBJC_ISA_USAGE = YES_ERROR;
				CLANG_WARN_DOCUMENTATION_COMMENTS = YES;
				CLANG_WARN_EMPTY_BODY = YES;
				CLANG_WARN_ENUM_CONVERSION = YES;
				CLANG_WARN_INFINITE_RECURSION = YES;
				CLANG_WARN_INT_CONVERSION = YES;
				CLANG_WARN_NON_LITERAL_NULL_CONVERSION = YES;
				CLANG_WARN_OBJC_IMPLICIT_RETAIN_SELF = YES;
				CLANG_WARN_OBJC_LITERAL_CONVERSION = YES;
				CLANG_WARN_OBJC_ROOT_CLASS = YES_ERROR;
				CLANG_WARN_RANGE_LOOP_ANALYSIS = YES;
				CLANG_WARN_STRICT_PROTOTYPES = YES;
				CLANG_WARN_SUSPICIOUS_MOVE = YES;
				CLANG_WARN_UNGUARDED_AVAILABILITY = YES_AGGRESSIVE;
				CLANG_WARN_UNREACHABLE_CODE = YES;
				CLANG_WARN__DUPLICATE_METHOD_MATCH = YES;
				COPY_PHASE_STRIP = NO;
				DEBUG_INFORMATION_FORMAT = dwarf;
				ENABLE_STRICT_OBJC_MSGSEND = YES;
				ENABLE_TESTABILITY = YES;
				GCC_C_LANGUAGE_STANDARD = gnu11;
				GCC_DYNAMIC_NO_PIC = NO;
				GCC_NO_COMMON_BLOCKS = YES;
				GCC_OPTIMIZATION_LEVEL = 0;
				GCC_PREPROCESSOR_DEFINITIONS = (
					"DEBUG=1",
					"$(inherited)",
				);
				GCC_WARN_64_TO_32_BIT_CONVERSION = YES;
				GCC_WARN_ABOUT_RETURN_TYPE = YES_ERROR;
				GCC_WARN_UNDECLARED_SELECTOR = YES;
				GCC_WARN_UNINITIALIZED_AUTOS = YES_AGGRESSIVE;
				GCC_WARN_UNUSED_FUNCTION = YES;
				GCC_WARN_UNUSED_VARIABLE = YES;
				IPHONEOS_DEPLOYMENT_TARGET = 13.0;
				MTL_ENABLE_DEBUG_INFO = INCLUDE_SOURCE;
				MTL_FAST_MATH = YES;
				ONLY_ACTIVE_ARCH = YES;
				SDKROOT = iphoneos;
				SWIFT_ACTIVE_COMPILATION_CONDITIONS = DEBUG;
				SWIFT_OPTIMIZATION_LEVEL = "-Onone";
			};
			name = Debug;
		};
		BF80CC6022EC9C95002131B6 /* Release */ = {
			isa = XCBuildConfiguration;
			buildSettings = {
				ALWAYS_SEARCH_USER_PATHS = NO;
				CLANG_ANALYZER_NONNULL = YES;
				CLANG_ANALYZER_NUMBER_OBJECT_CONVERSION = YES_AGGRESSIVE;
				CLANG_CXX_LANGUAGE_STANDARD = "gnu++14";
				CLANG_CXX_LIBRARY = "libc++";
				CLANG_ENABLE_MODULES = YES;
				CLANG_ENABLE_OBJC_ARC = YES;
				CLANG_ENABLE_OBJC_WEAK = YES;
				CLANG_WARN_BLOCK_CAPTURE_AUTORELEASING = YES;
				CLANG_WARN_BOOL_CONVERSION = YES;
				CLANG_WARN_COMMA = YES;
				CLANG_WARN_CONSTANT_CONVERSION = YES;
				CLANG_WARN_DEPRECATED_OBJC_IMPLEMENTATIONS = YES;
				CLANG_WARN_DIRECT_OBJC_ISA_USAGE = YES_ERROR;
				CLANG_WARN_DOCUMENTATION_COMMENTS = YES;
				CLANG_WARN_EMPTY_BODY = YES;
				CLANG_WARN_ENUM_CONVERSION = YES;
				CLANG_WARN_INFINITE_RECURSION = YES;
				CLANG_WARN_INT_CONVERSION = YES;
				CLANG_WARN_NON_LITERAL_NULL_CONVERSION = YES;
				CLANG_WARN_OBJC_IMPLICIT_RETAIN_SELF = YES;
				CLANG_WARN_OBJC_LITERAL_CONVERSION = YES;
				CLANG_WARN_OBJC_ROOT_CLASS = YES_ERROR;
				CLANG_WARN_RANGE_LOOP_ANALYSIS = YES;
				CLANG_WARN_STRICT_PROTOTYPES = YES;
				CLANG_WARN_SUSPICIOUS_MOVE = YES;
				CLANG_WARN_UNGUARDED_AVAILABILITY = YES_AGGRESSIVE;
				CLANG_WARN_UNREACHABLE_CODE = YES;
				CLANG_WARN__DUPLICATE_METHOD_MATCH = YES;
				COPY_PHASE_STRIP = NO;
				DEBUG_INFORMATION_FORMAT = "dwarf-with-dsym";
				ENABLE_NS_ASSERTIONS = NO;
				ENABLE_STRICT_OBJC_MSGSEND = YES;
				GCC_C_LANGUAGE_STANDARD = gnu11;
				GCC_NO_COMMON_BLOCKS = YES;
				GCC_WARN_64_TO_32_BIT_CONVERSION = YES;
				GCC_WARN_ABOUT_RETURN_TYPE = YES_ERROR;
				GCC_WARN_UNDECLARED_SELECTOR = YES;
				GCC_WARN_UNINITIALIZED_AUTOS = YES_AGGRESSIVE;
				GCC_WARN_UNUSED_FUNCTION = YES;
				GCC_WARN_UNUSED_VARIABLE = YES;
				IPHONEOS_DEPLOYMENT_TARGET = 13.0;
				MTL_ENABLE_DEBUG_INFO = NO;
				MTL_FAST_MATH = YES;
				SDKROOT = iphoneos;
				SWIFT_COMPILATION_MODE = wholemodule;
				SWIFT_OPTIMIZATION_LEVEL = "-O";
				VALIDATE_PRODUCT = YES;
			};
			name = Release;
		};
		BF80CC6222EC9C95002131B6 /* Debug */ = {
			isa = XCBuildConfiguration;
			buildSettings = {
				ASSETCATALOG_COMPILER_APPICON_NAME = AppIcon;
				CODE_SIGN_STYLE = Automatic;
				DEVELOPMENT_ASSET_PATHS = "Amadeus/Preview\\ Content";
				DEVELOPMENT_TEAM = PWPJJ85QWT;
				ENABLE_PREVIEWS = YES;
				INFOPLIST_FILE = Amadeus/Info.plist;
				LD_RUNPATH_SEARCH_PATHS = (
					"$(inherited)",
					"@executable_path/Frameworks",
				);
				PRODUCT_BUNDLE_IDENTIFIER = com.example.Amadeus;
				PRODUCT_NAME = "$(TARGET_NAME)";
				SWIFT_VERSION = 5.0;
				TARGETED_DEVICE_FAMILY = "1,2";
			};
			name = Debug;
		};
		BF80CC6322EC9C95002131B6 /* Release */ = {
			isa = XCBuildConfiguration;
			buildSettings = {
				ASSETCATALOG_COMPILER_APPICON_NAME = AppIcon;
				CODE_SIGN_STYLE = Automatic;
				DEVELOPMENT_ASSET_PATHS = "Amadeus/Preview\\ Content";
				DEVELOPMENT_TEAM = PWPJJ85QWT;
				ENABLE_PREVIEWS = YES;
				INFOPLIST_FILE = Amadeus/Info.plist;
				LD_RUNPATH_SEARCH_PATHS = (
					"$(inherited)",
					"@executable_path/Frameworks",
				);
				PRODUCT_BUNDLE_IDENTIFIER = com.example.Amadeus;
				PRODUCT_NAME = "$(TARGET_NAME)";
				SWIFT_VERSION = 5.0;
				TARGETED_DEVICE_FAMILY = "1,2";
			};
			name = Release;
		};
		BF80CC6522EC9C95002131B6 /* Debug */ = {
			isa = XCBuildConfiguration;
			buildSettings = {
				ALWAYS_EMBED_SWIFT_STANDARD_LIBRARIES = YES;
				BUNDLE_LOADER = "$(TEST_HOST)";
				CODE_SIGN_STYLE = Automatic;
				DEVELOPMENT_TEAM = PWPJJ85QWT;
				INFOPLIST_FILE = AmadeusTests/Info.plist;
				LD_RUNPATH_SEARCH_PATHS = (
					"$(inherited)",
					"@executable_path/Frameworks",
					"@loader_path/Frameworks",
				);
				PRODUCT_BUNDLE_IDENTIFIER = com.example.AmadeusTests;
				PRODUCT_NAME = "$(TARGET_NAME)";
				SWIFT_VERSION = 5.0;
				TARGETED_DEVICE_FAMILY = "1,2";
				TEST_HOST = "$(BUILT_PRODUCTS_DIR)/Amadeus.app/Amadeus";
			};
			name = Debug;
		};
		BF80CC6622EC9C95002131B6 /* Release */ = {
			isa = XCBuildConfiguration;
			buildSettings = {
				ALWAYS_EMBED_SWIFT_STANDARD_LIBRARIES = YES;
				BUNDLE_LOADER = "$(TEST_HOST)";
				CODE_SIGN_STYLE = Automatic;
				DEVELOPMENT_TEAM = PWPJJ85QWT;
				INFOPLIST_FILE = AmadeusTests/Info.plist;
				LD_RUNPATH_SEARCH_PATHS = (
					"$(inherited)",
					"@executable_path/Frameworks",
					"@loader_path/Frameworks",
				);
				PRODUCT_BUNDLE_IDENTIFIER = com.example.AmadeusTests;
				PRODUCT_NAME = "$(TARGET_NAME)";
				SWIFT_VERSION = 5.0;
				TARGETED_DEVICE_FAMILY = "1,2";
				TEST_HOST = "$(BUILT_PRODUCTS_DIR)/Amadeus.app/Amadeus";
			};
			name = Release;
		};
/* End XCBuildConfiguration section */

/* Begin XCConfigurationList section */
		BF80CC3D22EC9C92002131B6 /* Build configuration list for PBXProject "Amadeus" */ = {
			isa = XCConfigurationList;
			buildConfigurations = (
				BF80CC5F22EC9C95002131B6 /* Debug */,
				BF80CC6022EC9C95002131B6 /* Release */,
			);
			defaultConfigurationIsVisible = 0;
			defaultConfigurationName = Release;
		};
		BF80CC6122EC9C95002131B6 /* Build configuration list for PBXNativeTarget "Amadeus" */ = {
			isa = XCConfigurationList;
			buildConfigurations = (
				BF80CC6222EC9C95002131B6 /* Debug */,
				BF80CC6322EC9C95002131B6 /* Release */,
			);
			defaultConfigurationIsVisible = 0;
			defaultConfigurationName = Release;
		};
		BF80CC6422EC9C95002131B6 /* Build configuration list for PBXNativeTarget "AmadeusTests" */ = {
			isa = XCConfigurationList;
			buildConfigurations = (
				BF80CC6522EC9C95002131B6 /* Debug */,
				BF80CC6622EC9C95002131B6 /* Release */,
			);
			defaultConfigurationIsVisible = 0;
			defaultConfigurationName = Release;
		};
/* End XCConfigurationList section */
	};
	rootObject = BF80CC3A22EC9C92002131B6 /* Project object */;
}
